
Microsoft Visual Studio Solution File, Format Version 12.00
# Visual Studio 14
VisualStudioVersion = 14.0.23107.0
MinimumVisualStudioVersion = 10.0.40219.1
Project("{FAE04EC0-301F-11D3-BF4B-00C04F79EFBC}") = "WebApplication2", "WebApplication2\WebApplication2.csproj", "{3DF598EB-D5D9-4F6F-9617-1F45362833A8}"
EndProject
Project("{FAE04EC0-301F-11D3-BF4B-00C04F79EFBC}") = "WebApplication6", "WebApplication6\WebApplication6.csproj", "{5A46D18A-B3D8-4636-8597-A5E1BE487BA3}"
EndProject
Project("{FAE04EC0-301F-11D3-BF4B-00C04F79EFBC}") = "ConsoleApplication1", "..\ConsoleApplication1\ConsoleApplication1\ConsoleApplication1.csproj", "{16FCE593-3293-454B-AB0D-3DAF77D6D07B}"
EndProject
Global
	GlobalSection(SolutionConfigurationPlatforms) = preSolution
		Debug|Any CPU = Debug|Any CPU
		Release|Any CPU = Release|Any CPU
	EndGlobalSection
	GlobalSection(ProjectConfigurationPlatforms) = postSolution
		{3DF598EB-D5D9-4F6F-9617-1F45362833A8}.Debug|Any CPU.ActiveCfg = Debug|Any CPU
		{3DF598EB-D5D9-4F6F-9617-1F45362833A8}.Debug|Any CPU.Build.0 = Debug|Any CPU
		{3DF598EB-D5D9-4F6F-9617-1F45362833A8}.Release|Any CPU.ActiveCfg = Release|Any CPU
		{3DF598EB-D5D9-4F6F-9617-1F45362833A8}.Release|Any CPU.Build.0 = Release|Any CPU
		{5A46D18A-B3D8-4636-8597-A5E1BE487BA3}.Debug|Any CPU.ActiveCfg = Debug|Any CPU
		{5A46D18A-B3D8-4636-8597-A5E1BE487BA3}.Debug|Any CPU.Build.0 = Debug|Any CPU
		{5A46D18A-B3D8-4636-8597-A5E1BE487BA3}.Release|Any CPU.ActiveCfg = Release|Any CPU
		{5A46D18A-B3D8-4636-8597-A5E1BE487BA3}.Release|Any CPU.Build.0 = Release|Any CPU
		{16FCE593-3293-454B-AB0D-3DAF77D6D07B}.Debug|Any CPU.ActiveCfg = Debug|Any CPU
		{16FCE593-3293-454B-AB0D-3DAF77D6D07B}.Debug|Any CPU.Build.0 = Debug|Any CPU
		{16FCE593-3293-454B-AB0D-3DAF77D6D07B}.Release|Any CPU.ActiveCfg = Release|Any CPU
		{16FCE593-3293-454B-AB0D-3DAF77D6D07B}.Release|Any CPU.Build.0 = Release|Any CPU
	EndGlobalSection
	GlobalSection(SolutionProperties) = preSolution
		HideSolutionNode = FALSE
	EndGlobalSection
EndGlobal
